{
    "name": "debug-leetcode",
    "version": "0.2.3",
    "lockfileVersion": 3,
    "requires": true,
    "packages": {
        "": {
            "name": "debug-leetcode",
            "version": "0.2.3",
            "license": "MIT",
            "dependencies": {
                "fs-extra": "^6.0.1"
            },
            "devDependencies": {
                "@types/fs-extra": "5.0.0",
                "@types/node": "^7.0.43",
                "@types/vscode": "1.42.0",
                "prettier": "^2.0.3",
                "typescript": "^3.8.0"
            },
            "engines": {
                "vscode": "^1.42.0"
            }
        },
        "node_modules/@types/fs-extra": {
            "version": "5.0.0",
            "resolved": "https://registry.npmjs.org/@types/fs-extra/-/fs-extra-5.0.0.tgz",
            "integrity": "sha512-qtxDULQKUenuaDLW003CgC+0T0eiAfH3BrH+vSt87GLzbz5EZ6Ox6mv9rMttvhDOatbb9nYh0E1m7ydoYwUrAg==",
            "dev": true,
            "license": "MIT",
            "dependencies": {
                "@types/node": "*"
            }
        },
        "node_modules/@types/node": {
            "version": "7.10.14",
            "resolved": "https://registry.npmjs.org/@types/node/-/node-7.10.14.tgz",
            "integrity": "sha512-29GS75BE8asnTno3yB6ubOJOO0FboExEqNJy4bpz0GSmW/8wPTNL4h9h63c6s1uTrOopCmJYe/4yJLh5r92ZUA==",
            "dev": true,
            "license": "MIT"
        },
        "node_modules/@types/vscode": {
            "version": "1.42.0",
            "resolved": "https://registry.npmjs.org/@types/vscode/-/vscode-1.42.0.tgz",
            "integrity": "sha512-ds6TceMsh77Fs0Mq0Vap6Y72JbGWB8Bay4DrnJlf5d9ui2RSe1wis13oQm+XhguOeH1HUfLGzaDAoupTUtgabw==",
            "dev": true,
            "license": "MIT"
        },
        "node_modules/fs-extra": {
            "version": "6.0.1",
            "resolved": "https://registry.npmjs.org/fs-extra/-/fs-extra-6.0.1.tgz",
            "integrity": "sha512-GnyIkKhhzXZUWFCaJzvyDLEEgDkPfb4/TPvJCJVuS8MWZgoSsErf++QpiAlDnKFcqhRlm+tIOcencCjyJE6ZCA==",
            "license": "MIT",
            "dependencies": {
                "graceful-fs": "^4.1.2",
                "jsonfile": "^4.0.0",
                "universalify": "^0.1.0"
            }
        },
        "node_modules/graceful-fs": {
            "version": "4.2.11",
            "resolved": "https://registry.npmjs.org/graceful-fs/-/graceful-fs-4.2.11.tgz",
            "integrity": "sha512-RbJ5/jmFcNNCcDV5o9eTnBLJ/HszWV0P73bc+Ff4nS/rJj+YaS6IGyiOL0VoBYX+l1Wrl3k63h/KrH+nhJ0XvQ==",
            "license": "ISC"
        },
        "node_modules/jsonfile": {
            "version": "4.0.0",
            "resolved": "https://registry.npmjs.org/jsonfile/-/jsonfile-4.0.0.tgz",
            "integrity": "sha512-m6F1R3z8jjlf2imQHS2Qez5sjKWQzbuuhuJ/FKYFRZvPE3PuHcSMVZzfsLhGVOkfd20obL5SWEBew5ShlquNxg==",
            "license": "MIT",
            "optionalDependencies": {
                "graceful-fs": "^4.1.6"
            }
        },
        "node_modules/prettier": {
            "version": "2.8.8",
            "resolved": "https://registry.npmjs.org/prettier/-/prettier-2.8.8.tgz",
            "integrity": "sha512-tdN8qQGvNjw4CHbY+XXk0JgCXn9QiF21a55rBe5LJAU+kDyC4WQn4+awm2Xfk2lQMk5fKup9XgzTZtGkjBdP9Q==",
            "dev": true,
            "license": "MIT",
            "bin": {
                "prettier": "bin-prettier.js"
            },
            "engines": {
                "node": ">=10.13.0"
            },
            "funding": {
                "url": "https://github.com/prettier/prettier?sponsor=1"
            }
        },
        "node_modules/typescript": {
            "version": "3.9.10",
            "resolved": "https://registry.npmjs.org/typescript/-/typescript-3.9.10.tgz",
            "integrity": "sha512-w6fIxVE/H1PkLKcCPsFqKE7Kv7QUwhU8qQY2MueZXWx5cPZdwFupLgKK3vntcK98BtNHZtAF4LA/yl2a7k8R6Q==",
            "dev": true,
            "license": "Apache-2.0",
            "bin": {
                "tsc": "bin/tsc",
                "tsserver": "bin/tsserver"
            },
            "engines": {
                "node": ">=4.2.0"
            }
        },
        "node_modules/universalify": {
            "version": "0.1.2",
            "resolved": "https://registry.npmjs.org/universalify/-/universalify-0.1.2.tgz",
            "integrity": "sha512-rBJeI5CXAlmy1pV+617WB9J63U6XcazHHF2f2dbJix4XzpUF0RS3Zbj0FGIOCAva5P/d/GBOYaACQ1w+0azUkg==",
            "license": "MIT",
            "engines": {
                "node": ">= 4.0.0"
            }
        }
    }
}
